hash: 0aed5b7e694ed741cee3ab7495c8a2105b1abfca44a83a404658714f65873138
updated: 2017-04-13T17:10:54.026519007+08:00
imports:
- name: github.com/davecgh/go-spew
  version: 04cdfd42973bb9c8589fd6a731800cf222fde1a9
  subpackages:
  - spew
- name: github.com/eapache/go-resiliency
  version: b86b1ec0dd4209a588dc1285cdd471e73525c0b3
  subpackages:
  - breaker
- name: github.com/eapache/go-xerial-snappy
  version: bb955e01b9346ac19dc29eb16586c90ded99a98c
- name: github.com/eapache/queue
  version: 44cc805cf13205b55f69e14bcb69867d1ae92f98
- name: github.com/gizak/termui
  version: 78e78f78b98822dcd4bfbf923baec8a65ca76798
- name: github.com/golang/snappy
  version: 553a641470496b2327abcac10b36396bd98e45c9
- name: github.com/klauspost/crc32
  version: 1bab8b35b6bb565f92cbc97939610af9369f942a
- name: github.com/maruel/panicparse
  version: ae43f192cef2add653fe1481a3070ed00a4a6981
  subpackages:
  - stack
- name: github.com/mattn/go-runewidth
  version: 14207d285c6c197daabb5c9793d63e7af9ab2d50
- name: github.com/mitchellh/go-wordwrap
  version: ad45545899c7b13c020ea92b2072220eefad42b8
- name: github.com/nsf/termbox-go
  version: 7994c181db7761ca3c67a217068cf31826113f5f
- name: github.com/pierrec/lz4
  version: f5b77fd73d83122495309c0f459b810f83cc291f
- name: github.com/pierrec/xxHash
  version: 5a004441f897722c627870a981d02b29924215fa
  subpackages:
  - xxHash32
- name: github.com/rcrowley/go-metrics
  version: 1f30fe9094a513ce4c700b9a54458bbb0c96996c
- name: github.com/Shopify/sarama
  version: 0fb560e5f7fbcaee2f75e3c34174320709f69944
- name: github.com/urfave/cli
  version: 8ba6f23b6e36d03666a14bd9421f5e3efcb59aca
- name: github.com/wupeaking/logrus
  version: 61e43dc76f7ee59a82bdf3d71033dc12bea4c77d
- name: github.com/wupeaking/sarama
  version: d4ece5d05a86b2b64248f4943f872bea961ec835
- name: github.com/wupeaking/sarama-cluster
  version: 2ae74ad075d4f088751b8c074f7e88c1020d7687
- name: golang.org/x/sys
  version: 8f0908ab3b2457e2e15403d3697c9ef5cb4b57a9
  subpackages:
  - unix
testImports: []
